// !$*UTF8*$!
{
	archiveVersion = 1;
	classes = {
	};
	objectVersion = 46;
	objects = {

/* Begin PBXBuildFile section */
		4C660EAE1ADF86F800A1A969 /* main.m in Sources */ = {isa = PBXBuildFile; fileRef = 4C660EAD1ADF86F800A1A969 /* main.m */; };
		4C660EB11ADF86F800A1A969 /* AppDelegate.m in Sources */ = {isa = PBXBuildFile; fileRef = 4C660EB01ADF86F800A1A969 /* AppDelegate.m */; };
		4C660EB41ADF86F800A1A969 /* ViewController.m in Sources */ = {isa = PBXBuildFile; fileRef = 4C660EB31ADF86F800A1A969 /* ViewController.m */; };
		4C660EB91ADF86F800A1A969 /* Images.xcassets in Resources */ = {isa = PBXBuildFile; fileRef = 4C660EB81ADF86F800A1A969 /* Images.xcassets */; };
		4C660EBC1ADF86F800A1A969 /* LaunchScreen.xib in Resources */ = {isa = PBXBuildFile; fileRef = 4C660EBA1ADF86F800A1A969 /* LaunchScreen.xib */; };
		4C660EC81ADF86F800A1A969 /* XlibraryTests.m in Sources */ = {isa = PBXBuildFile; fileRef = 4C660EC71ADF86F800A1A969 /* XlibraryTests.m */; };
		4C660EE71ADFA53D00A1A969 /* centerViewController.m in Sources */ = {isa = PBXBuildFile; fileRef = 4C660EE41ADFA53D00A1A969 /* centerViewController.m */; };
		4C660EE81ADFA53D00A1A969 /* leftViewController.m in Sources */ = {isa = PBXBuildFile; fileRef = 4C660EE61ADFA53D00A1A969 /* leftViewController.m */; };
		4C660EEB1ADFA55700A1A969 /* HomeViewController.m in Sources */ = {isa = PBXBuildFile; fileRef = 4C660EEA1ADFA55700A1A969 /* HomeViewController.m */; };
		4C660EEE1ADFA56800A1A969 /* StatisticalViewController.m in Sources */ = {isa = PBXBuildFile; fileRef = 4C660EED1ADFA56800A1A969 /* StatisticalViewController.m */; };
		4C660EF11ADFA57200A1A969 /* SettingViewController.m in Sources */ = {isa = PBXBuildFile; fileRef = 4C660EF01ADFA57200A1A969 /* SettingViewController.m */; };
		4C660EF31ADFA6E000A1A969 /* background@2x.png in Resources */ = {isa = PBXBuildFile; fileRef = 4C660EF21ADFA6E000A1A969 /* background@2x.png */; };
/* End PBXBuildFile section */

/* Begin PBXContainerItemProxy section */
		4C660EC21ADF86F800A1A969 /* PBXContainerItemProxy */ = {
			isa = PBXContainerItemProxy;
			containerPortal = 4C660EA01ADF86F800A1A969 /* Project object */;
			proxyType = 1;
			remoteGlobalIDString = 4C660EA71ADF86F800A1A969;
			remoteInfo = Xlibrary;
		};
/* End PBXContainerItemProxy section */

/* Begin PBXFileReference section */
		4C660EA81ADF86F800A1A969 /* Xlibrary.app */ = {isa = PBXFileReference; explicitFileType = wrapper.application; includeInIndex = 0; path = Xlibrary.app; sourceTree = BUILT_PRODUCTS_DIR; };
		4C660EAC1ADF86F800A1A969 /* Info.plist */ = {isa = PBXFileReference; lastKnownFileType = text.plist.xml; path = Info.plist; sourceTree = "<group>"; };
		4C660EAD1ADF86F800A1A969 /* main.m */ = {isa = PBXFileReference; lastKnownFileType = sourcecode.c.objc; path = main.m; sourceTree = "<group>"; };
		4C660EAF1ADF86F800A1A969 /* AppDelegate.h */ = {isa = PBXFileReference; lastKnownFileType = sourcecode.c.h; path = AppDelegate.h; sourceTree = "<group>"; };
		4C660EB01ADF86F800A1A969 /* AppDelegate.m */ = {isa = PBXFileReference; lastKnownFileType = sourcecode.c.objc; path = AppDelegate.m; sourceTree = "<group>"; };
		4C660EB21ADF86F800A1A969 /* ViewController.h */ = {isa = PBXFileReference; lastKnownFileType = sourcecode.c.h; path = ViewController.h; sourceTree = "<group>"; };
		4C660EB31ADF86F800A1A969 /* ViewController.m */ = {isa = PBXFileReference; lastKnownFileType = sourcecode.c.objc; path = ViewController.m; sourceTree = "<group>"; };
		4C660EB81ADF86F800A1A969 /* Images.xcassets */ = {isa = PBXFileReference; lastKnownFileType = folder.assetcatalog; path = Images.xcassets; sourceTree = "<group>"; };
		4C660EBB1ADF86F800A1A969 /* Base */ = {isa = PBXFileReference; lastKnownFileType = file.xib; name = Base; path = Base.lproj/LaunchScreen.xib; sourceTree = "<group>"; };
		4C660EC11ADF86F800A1A969 /* XlibraryTests.xctest */ = {isa = PBXFileReference; explicitFileType = wrapper.cfbundle; includeInIndex = 0; path = XlibraryTests.xctest; sourceTree = BUILT_PRODUCTS_DIR; };
		4C660EC61ADF86F800A1A969 /* Info.plist */ = {isa = PBXFileReference; lastKnownFileType = text.plist.xml; path = Info.plist; sourceTree = "<group>"; };
		4C660EC71ADF86F800A1A969 /* XlibraryTests.m */ = {isa = PBXFileReference; lastKnownFileType = sourcecode.c.objc; path = XlibraryTests.m; sourceTree = "<group>"; };
		4C660EE31ADFA53D00A1A969 /* centerViewController.h */ = {isa = PBXFileReference; fileEncoding = 4; lastKnownFileType = sourcecode.c.h; path = centerViewController.h; sourceTree = "<group>"; };
		4C660EE41ADFA53D00A1A969 /* centerViewController.m */ = {isa = PBXFileReference; fileEncoding = 4; lastKnownFileType = sourcecode.c.objc; path = centerViewController.m; sourceTree = "<group>"; };
		4C660EE51ADFA53D00A1A969 /* leftViewController.h */ = {isa = PBXFileReference; fileEncoding = 4; lastKnownFileType = sourcecode.c.h; path = leftViewController.h; sourceTree = "<group>"; };
		4C660EE61ADFA53D00A1A969 /* leftViewController.m */ = {isa = PBXFileReference; fileEncoding = 4; lastKnownFileType = sourcecode.c.objc; path = leftViewController.m; sourceTree = "<group>"; };
		4C660EE91ADFA55700A1A969 /* HomeViewController.h */ = {isa = PBXFileReference; fileEncoding = 4; lastKnownFileType = sourcecode.c.h; path = HomeViewController.h; sourceTree = "<group>"; };
		4C660EEA1ADFA55700A1A969 /* HomeViewController.m */ = {isa = PBXFileReference; fileEncoding = 4; lastKnownFileType = sourcecode.c.objc; path = HomeViewController.m; sourceTree = "<group>"; };
		4C660EEC1ADFA56800A1A969 /* StatisticalViewController.h */ = {isa = PBXFileReference; fileEncoding = 4; lastKnownFileType = sourcecode.c.h; path = StatisticalViewController.h; sourceTree = "<group>"; };
		4C660EED1ADFA56800A1A969 /* StatisticalViewController.m */ = {isa = PBXFileReference; fileEncoding = 4; lastKnownFileType = sourcecode.c.objc; path = StatisticalViewController.m; sourceTree = "<group>"; };
		4C660EEF1ADFA57200A1A969 /* SettingViewController.h */ = {isa = PBXFileReference; fileEncoding = 4; lastKnownFileType = sourcecode.c.h; path = SettingViewController.h; sourceTree = "<group>"; };
		4C660EF01ADFA57200A1A969 /* SettingViewController.m */ = {isa = PBXFileReference; fileEncoding = 4; lastKnownFileType = sourcecode.c.objc; path = SettingViewController.m; sourceTree = "<group>"; };
		4C660EF21ADFA6E000A1A969 /* background@2x.png */ = {isa = PBXFileReference; lastKnownFileType = image.png; path = "background@2x.png"; sourceTree = "<group>"; };
/* End PBXFileReference section */

/* Begin PBXFrameworksBuildPhase section */
		4C660EA51ADF86F800A1A969 /* Frameworks */ = {
			isa = PBXFrameworksBuildPhase;
			buildActionMask = 2147483647;
			files = (
			);
			runOnlyForDeploymentPostprocessing = 0;
		};
		4C660EBE1ADF86F800A1A969 /* Frameworks */ = {
			isa = PBXFrameworksBuildPhase;
			buildActionMask = 2147483647;
			files = (
			);
			runOnlyForDeploymentPostprocessing = 0;
		};
/* End PBXFrameworksBuildPhase section */

/* Begin PBXGroup section */
		4C660E9F1ADF86F800A1A969 = {
			isa = PBXGroup;
			children = (
				4C660EAA1ADF86F800A1A969 /* Xlibrary */,
				4C660EC41ADF86F800A1A969 /* XlibraryTests */,
				4C660EA91ADF86F800A1A969 /* Products */,
			);
			sourceTree = "<group>";
		};
		4C660EA91ADF86F800A1A969 /* Products */ = {
			isa = PBXGroup;
			children = (
				4C660EA81ADF86F800A1A969 /* Xlibrary.app */,
				4C660EC11ADF86F800A1A969 /* XlibraryTests.xctest */,
			);
			name = Products;
			sourceTree = "<group>";
		};
		4C660EAA1ADF86F800A1A969 /* Xlibrary */ = {
			isa = PBXGroup;
			children = (
				4C660EE01ADFA53200A1A969 /* home */,
				4C660EE11ADFA53200A1A969 /* setting */,
				4C660EE21ADFA53200A1A969 /* statistical */,
				4C660EDD1ADF8C1A00A1A969 /* commend */,
				4C660ED51ADF8A6400A1A969 /* base */,
				4C660ED61ADF8A6400A1A969 /* imagerecouse */,
				4C660ED71ADF8A6400A1A969 /* lib */,
				4C660ED81ADF8A6400A1A969 /* model */,
				4C660ED91ADF8A6400A1A969 /* net */,
				4C660EAF1ADF86F800A1A969 /* AppDelegate.h */,
				4C660EB01ADF86F800A1A969 /* AppDelegate.m */,
				4C660EB21ADF86F800A1A969 /* ViewController.h */,
				4C660EB31ADF86F800A1A969 /* ViewController.m */,
				4C660EB81ADF86F800A1A969 /* Images.xcassets */,
				4C660EBA1ADF86F800A1A969 /* LaunchScreen.xib */,
				4C660EAB1ADF86F800A1A969 /* Supporting Files */,
			);
			path = Xlibrary;
			sourceTree = "<group>";
		};
		4C660EAB1ADF86F800A1A969 /* Supporting Files */ = {
			isa = PBXGroup;
			children = (
				4C660EAC1ADF86F800A1A969 /* Info.plist */,
				4C660EAD1ADF86F800A1A969 /* main.m */,
			);
			name = "Supporting Files";
			sourceTree = "<group>";
		};
		4C660EC41ADF86F800A1A969 /* XlibraryTests */ = {
			isa = PBXGroup;
			children = (
				4C660EC71ADF86F800A1A969 /* XlibraryTests.m */,
				4C660EC51ADF86F800A1A969 /* Supporting Files */,
			);
			path = XlibraryTests;
			sourceTree = "<group>";
		};
		4C660EC51ADF86F800A1A969 /* Supporting Files */ = {
			isa = PBXGroup;
			children = (
				4C660EC61ADF86F800A1A969 /* Info.plist */,
			);
			name = "Supporting Files";
			sourceTree = "<group>";
		};
		4C660ED51ADF8A6400A1A969 /* base */ = {
			isa = PBXGroup;
			children = (
				4C660EE31ADFA53D00A1A969 /* centerViewController.h */,
				4C660EE41ADFA53D00A1A969 /* centerViewController.m */,
				4C660EE51ADFA53D00A1A969 /* leftViewController.h */,
				4C660EE61ADFA53D00A1A969 /* leftViewController.m */,
			);
			path = base;
			sourceTree = "<group>";
		};
		4C660ED61ADF8A6400A1A969 /* imagerecouse */ = {
			isa = PBXGroup;
			children = (
				4C660EF21ADFA6E000A1A969 /* background@2x.png */,
			);
			path = imagerecouse;
			sourceTree = "<group>";
		};
		4C660ED71ADF8A6400A1A969 /* lib */ = {
			isa = PBXGroup;
			children = (
			);
			path = lib;
			sourceTree = "<group>";
		};
		4C660ED81ADF8A6400A1A969 /* model */ = {
			isa = PBXGroup;
			children = (
			);
			path = model;
			sourceTree = "<group>";
		};
		4C660ED91ADF8A6400A1A969 /* net */ = {
			isa = PBXGroup;
			children = (
			);
			path = net;
			sourceTree = "<group>";
		};
		4C660EDD1ADF8C1A00A1A969 /* commend */ = {
			isa = PBXGroup;
			children = (
			);
			path = commend;
			sourceTree = "<group>";
		};
		4C660EE01ADFA53200A1A969 /* home */ = {
			isa = PBXGroup;
			children = (
				4C660EE91ADFA55700A1A969 /* HomeViewController.h */,
				4C660EEA1ADFA55700A1A969 /* HomeViewController.m */,
			);
			path = home;
			sourceTree = "<group>";
		};
		4C660EE11ADFA53200A1A969 /* setting */ = {
			isa = PBXGroup;
			children = (
				4C660EEF1ADFA57200A1A969 /* SettingViewController.h */,
				4C660EF01ADFA57200A1A969 /* SettingViewController.m */,
			);
			path = setting;
			sourceTree = "<group>";
		};
		4C660EE21ADFA53200A1A969 /* statistical */ = {
			isa = PBXGroup;
			children = (
				4C660EEC1ADFA56800A1A969 /* StatisticalViewController.h */,
				4C660EED1ADFA56800A1A969 /* StatisticalViewController.m */,
			);
			path = statistical;
			sourceTree = "<group>";
		};
/* End PBXGroup section */

/* Begin PBXNativeTarget section */
		4C660EA71ADF86F800A1A969 /* Xlibrary */ = {
			isa = PBXNativeTarget;
			buildConfigurationList = 4C660ECB1ADF86F800A1A969 /* Build configuration list for PBXNativeTarget "Xlibrary" */;
			buildPhases = (
				4C660EA41ADF86F800A1A969 /* Sources */,
				4C660EA51ADF86F800A1A969 /* Frameworks */,
				4C660EA61ADF86F800A1A969 /* Resources */,
			);
			buildRules = (
			);
			dependencies = (
			);
			name = Xlibrary;
			productName = Xlibrary;
			productReference = 4C660EA81ADF86F800A1A969 /* Xlibrary.app */;
			productType = "com.apple.product-type.application";
		};
		4C660EC01ADF86F800A1A969 /* XlibraryTests */ = {
			isa = PBXNativeTarget;
			buildConfigurationList = 4C660ECE1ADF86F800A1A969 /* Build configuration list for PBXNativeTarget "XlibraryTests" */;
			buildPhases = (
				4C660EBD1ADF86F800A1A969 /* Sources */,
				4C660EBE1ADF86F800A1A969 /* Frameworks */,
				4C660EBF1ADF86F800A1A969 /* Resources */,
			);
			buildRules = (
			);
			dependencies = (
				4C660EC31ADF86F800A1A969 /* PBXTargetDependency */,
			);
			name = XlibraryTests;
			productName = XlibraryTests;
			productReference = 4C660EC11ADF86F800A1A969 /* XlibraryTests.xctest */;
			productType = "com.apple.product-type.bundle.unit-test";
		};
/* End PBXNativeTarget section */

/* Begin PBXProject section */
		4C660EA01ADF86F800A1A969 /* Project object */ = {
			isa = PBXProject;
			attributes = {
				LastUpgradeCheck = 0620;
				ORGANIZATIONNAME = mc;
				TargetAttributes = {
					4C660EA71ADF86F800A1A969 = {
						CreatedOnToolsVersion = 6.2;
					};
					4C660EC01ADF86F800A1A969 = {
						CreatedOnToolsVersion = 6.2;
						TestTargetID = 4C660EA71ADF86F800A1A969;
					};
				};
			};
			buildConfigurationList = 4C660EA31ADF86F800A1A969 /* Build configuration list for PBXProject "Xlibrary" */;
			compatibilityVersion = "Xcode 3.2";
			developmentRegion = English;
			hasScannedForEncodings = 0;
			knownRegions = (
				en,
				Base,
			);
			mainGroup = 4C660E9F1ADF86F800A1A969;
			productRefGroup = 4C660EA91ADF86F800A1A969 /* Products */;
			projectDirPath = "";
			projectRoot = "";
			targets = (
				4C660EA71ADF86F800A1A969 /* Xlibrary */,
				4C660EC01ADF86F800A1A969 /* XlibraryTests */,
			);
		};
/* End PBXProject section */

/* Begin PBXResourcesBuildPhase section */
		4C660EA61ADF86F800A1A969 /* Resources */ = {
			isa = PBXResourcesBuildPhase;
			buildActionMask = 2147483647;
			files = (
				4C660EBC1ADF86F800A1A969 /* LaunchScreen.xib in Resources */,
				4C660EF31ADFA6E000A1A969 /* background@2x.png in Resources */,
				4C660EB91ADF86F800A1A969 /* Images.xcassets in Resources */,
			);
			runOnlyForDeploymentPostprocessing = 0;
		};
		4C660EBF1ADF86F800A1A969 /* Resources */ = {
			isa = PBXResourcesBuildPhase;
			buildActionMask = 2147483647;
			files = (
			);
			runOnlyForDeploymentPostprocessing = 0;
		};
/* End PBXResourcesBuildPhase section */

/* Begin PBXSourcesBuildPhase section */
		4C660EA41ADF86F800A1A969 /* Sources */ = {
			isa = PBXSourcesBuildPhase;
			buildActionMask = 2147483647;
			files = (
				4C660EB41ADF86F800A1A969 /* ViewController.m in Sources */,
				4C660EE81ADFA53D00A1A969 /* leftViewController.m in Sources */,
				4C660EE71ADFA53D00A1A969 /* centerViewController.m in Sources */,
				4C660EB11ADF86F800A1A969 /* AppDelegate.m in Sources */,
				4C660EAE1ADF86F800A1A969 /* main.m in Sources */,
				4C660EEB1ADFA55700A1A969 /* HomeViewController.m in Sources */,
				4C660EEE1ADFA56800A1A969 /* StatisticalViewController.m in Sources */,
				4C660EF11ADFA57200A1A969 /* SettingViewController.m in Sources */,
			);
			runOnlyForDeploymentPostprocessing = 0;
		};
		4C660EBD1ADF86F800A1A969 /* Sources */ = {
			isa = PBXSourcesBuildPhase;
			buildActionMask = 2147483647;
			files = (
				4C660EC81ADF86F800A1A969 /* XlibraryTests.m in Sources */,
			);
			runOnlyForDeploymentPostprocessing = 0;
		};
/* End PBXSourcesBuildPhase section */

/* Begin PBXTargetDependency section */
		4C660EC31ADF86F800A1A969 /* PBXTargetDependency */ = {
			isa = PBXTargetDependency;
			target = 4C660EA71ADF86F800A1A969 /* Xlibrary */;
			targetProxy = 4C660EC21ADF86F800A1A969 /* PBXContainerItemProxy */;
		};
/* End PBXTargetDependency section */

/* Begin PBXVariantGroup section */
		4C660EBA1ADF86F800A1A969 /* LaunchScreen.xib */ = {
			isa = PBXVariantGroup;
			children = (
				4C660EBB1ADF86F800A1A969 /* Base */,
			);
			name = LaunchScreen.xib;
			sourceTree = "<group>";
		};
/* End PBXVariantGroup section */

/* Begin XCBuildConfiguration section */
		4C660EC91ADF86F800A1A969 /* Debug */ = {
			isa = XCBuildConfiguration;
			buildSettings = {
				ALWAYS_SEARCH_USER_PATHS = NO;
				CLANG_CXX_LANGUAGE_STANDARD = "gnu++0x";
				CLANG_CXX_LIBRARY = "libc++";
				CLANG_ENABLE_MODULES = YES;
				CLANG_ENABLE_OBJC_ARC = YES;
				CLANG_WARN_BOOL_CONVERSION = YES;
				CLANG_WARN_CONSTANT_CONVERSION = YES;
				CLANG_WARN_DIRECT_OBJC_ISA_USAGE = YES_ERROR;
				CLANG_WARN_EMPTY_BODY = YES;
				CLANG_WARN_ENUM_CONVERSION = YES;
				CLANG_WARN_INT_CONVERSION = YES;
				CLANG_WARN_OBJC_ROOT_CLASS = YES_ERROR;
				CLANG_WARN_UNREACHABLE_CODE = YES;
				CLANG_WARN__DUPLICATE_METHOD_MATCH = YES;
				"CODE_SIGN_IDENTITY[sdk=iphoneos*]" = "iPhone Developer";
				COPY_PHASE_STRIP = NO;
				ENABLE_STRICT_OBJC_MSGSEND = YES;
				GCC_C_LANGUAGE_STANDARD = gnu99;
				GCC_DYNAMIC_NO_PIC = NO;
				GCC_OPTIMIZATION_LEVEL = 0;
				GCC_PREPROCESSOR_DEFINITIONS = (
					"DEBUG=1",
					"$(inherited)",
				);
				GCC_SYMBOLS_PRIVATE_EXTERN = NO;
				GCC_WARN_64_TO_32_BIT_CONVERSION = YES;
				GCC_WARN_ABOUT_RETURN_TYPE = YES_ERROR;
				GCC_WARN_UNDECLARED_SELECTOR = YES;
				GCC_WARN_UNINITIALIZED_AUTOS = YES_AGGRESSIVE;
				GCC_WARN_UNUSED_FUNCTION = YES;
				GCC_WARN_UNUSED_VARIABLE = YES;
				IPHONEOS_DEPLOYMENT_TARGET = 8.2;
				MTL_ENABLE_DEBUG_INFO = YES;
				ONLY_ACTIVE_ARCH = YES;
				SDKROOT = iphoneos;
			};
			name = Debug;
		};
		4C660ECA1ADF86F800A1A969 /* Release */ = {
			isa = XCBuildConfiguration;
			buildSettings = {
				ALWAYS_SEARCH_USER_PATHS = NO;
				CLANG_CXX_LANGUAGE_STANDARD = "gnu++0x";
				CLANG_CXX_LIBRARY = "libc++";
				CLANG_ENABLE_MODULES = YES;
				CLANG_ENABLE_OBJC_ARC = YES;
				CLANG_WARN_BOOL_CONVERSION = YES;
				CLANG_WARN_CONSTANT_CONVERSION = YES;
				CLANG_WARN_DIRECT_OBJC_ISA_USAGE = YES_ERROR;
				CLANG_WARN_EMPTY_BODY = YES;
				CLANG_WARN_ENUM_CONVERSION = YES;
				CLANG_WARN_INT_CONVERSION = YES;
				CLANG_WARN_OBJC_ROOT_CLASS = YES_ERROR;
				CLANG_WARN_UNREACHABLE_CODE = YES;
				CLANG_WARN__DUPLICATE_METHOD_MATCH = YES;
				"CODE_SIGN_IDENTITY[sdk=iphoneos*]" = "iPhone Developer";
				COPY_PHASE_STRIP = NO;
				ENABLE_NS_ASSERTIONS = NO;
				ENABLE_STRICT_OBJC_MSGSEND = YES;
				GCC_C_LANGUAGE_STANDARD = gnu99;
				GCC_WARN_64_TO_32_BIT_CONVERSION = YES;
				GCC_WARN_ABOUT_RETURN_TYPE = YES_ERROR;
				GCC_WARN_UNDECLARED_SELECTOR = YES;
				GCC_WARN_UNINITIALIZED_AUTOS = YES_AGGRESSIVE;
				GCC_WARN_UNUSED_FUNCTION = YES;
				GCC_WARN_UNUSED_VARIABLE = YES;
				IPHONEOS_DEPLOYMENT_TARGET = 8.2;
				MTL_ENABLE_DEBUG_INFO = NO;
				SDKROOT = iphoneos;
				VALIDATE_PRODUCT = YES;
			};
			name = Release;
		};
		4C660ECC1ADF86F800A1A969 /* Debug */ = {
			isa = XCBuildConfiguration;
			buildSettings = {
				ASSETCATALOG_COMPILER_APPICON_NAME = AppIcon;
				INFOPLIST_FILE = Xlibrary/Info.plist;
				LD_RUNPATH_SEARCH_PATHS = "$(inherited) @executable_path/Frameworks";
				PRODUCT_NAME = "$(TARGET_NAME)";
			};
			name = Debug;
		};
		4C660ECD1ADF86F800A1A969 /* Release */ = {
			isa = XCBuildConfiguration;
			buildSettings = {
				ASSETCATALOG_COMPILER_APPICON_NAME = AppIcon;
				INFOPLIST_FILE = Xlibrary/Info.plist;
				LD_RUNPATH_SEARCH_PATHS = "$(inherited) @executable_path/Frameworks";
				PRODUCT_NAME = "$(TARGET_NAME)";
			};
			name = Release;
		};
		4C660ECF1ADF86F800A1A969 /* Debug */ = {
			isa = XCBuildConfiguration;
			buildSettings = {
				BUNDLE_LOADER = "$(TEST_HOST)";
				FRAMEWORK_SEARCH_PATHS = (
					"$(SDKROOT)/Developer/Library/Frameworks",
					"$(inherited)",
				);
				GCC_PREPROCESSOR_DEFINITIONS = (
					"DEBUG=1",
					"$(inherited)",
				);
				INFOPLIST_FILE = XlibraryTests/Info.plist;
				LD_RUNPATH_SEARCH_PATHS = "$(inherited) @executable_path/Frameworks @loader_path/Frameworks";
				PRODUCT_NAME = "$(TARGET_NAME)";
				TEST_HOST = "$(BUILT_PRODUCTS_DIR)/Xlibrary.app/Xlibrary";
			};
			name = Debug;
		};
		4C660ED01ADF86F800A1A969 /* Release */ = {
			isa = XCBuildConfiguration;
			buildSettings = {
				BUNDLE_LOADER = "$(TEST_HOST)";
				FRAMEWORK_SEARCH_PATHS = (
					"$(SDKROOT)/Developer/Library/Frameworks",
					"$(inherited)",
				);
				INFOPLIST_FILE = XlibraryTests/Info.plist;
				LD_RUNPATH_SEARCH_PATHS = "$(inherited) @executable_path/Frameworks @loader_path/Frameworks";
				PRODUCT_NAME = "$(TARGET_NAME)";
				TEST_HOST = "$(BUILT_PRODUCTS_DIR)/Xlibrary.app/Xlibrary";
			};
			name = Release;
		};
/* End XCBuildConfiguration section */

/* Begin XCConfigurationList section */
		4C660EA31ADF86F800A1A969 /* Build configuration list for PBXProject "Xlibrary" */ = {
			isa = XCConfigurationList;
			buildConfigurations = (
				4C660EC91ADF86F800A1A969 /* Debug */,
				4C660ECA1ADF86F800A1A969 /* Release */,
			);
			defaultConfigurationIsVisible = 0;
			defaultConfigurationName = Release;
		};
		4C660ECB1ADF86F800A1A969 /* Build configuration list for PBXNativeTarget "Xlibrary" */ = {
			isa = XCConfigurationList;
			buildConfigurations = (
				4C660ECC1ADF86F800A1A969 /* Debug */,
				4C660ECD1ADF86F800A1A969 /* Release */,
			);
			defaultConfigurationIsVisible = 0;
			defaultConfigurationName = Release;
		};
		4C660ECE1ADF86F800A1A969 /* Build configuration list for PBXNativeTarget "XlibraryTests" */ = {
			isa = XCConfigurationList;
			buildConfigurations = (
				4C660ECF1ADF86F800A1A969 /* Debug */,
				4C660ED01ADF86F800A1A969 /* Release */,
			);
			defaultConfigurationIsVisible = 0;
			defaultConfigurationName = Release;
		};
/* End XCConfigurationList section */
	};
	rootObject = 4C660EA01ADF86F800A1A969 /* Project object */;
}
